// !$*UTF8*$!
{
	archiveVersion = 1;
	classes = {
	};
	objectVersion = 51;
	objects = {

/* Begin PBXBuildFile section */
		060782B2250CE27700A87020 /* AppDelegate.swift in Sources */ = {isa = PBXBuildFile; fileRef = 060782B1250CE27700A87020 /* AppDelegate.swift */; };
		060782B4250CE27700A87020 /* SceneDelegate.swift in Sources */ = {isa = PBXBuildFile; fileRef = 060782B3250CE27700A87020 /* SceneDelegate.swift */; };
		060782B6250CE27700A87020 /* FeedViewController.swift in Sources */ = {isa = PBXBuildFile; fileRef = 060782B5250CE27700A87020 /* FeedViewController.swift */; };
		060782B9250CE27700A87020 /* Main.storyboard in Resources */ = {isa = PBXBuildFile; fileRef = 060782B7250CE27700A87020 /* Main.storyboard */; };
		060782BB250CE27A00A87020 /* Assets.xcassets in Resources */ = {isa = PBXBuildFile; fileRef = 060782BA250CE27A00A87020 /* Assets.xcassets */; };
		060782BE250CE27A00A87020 /* LaunchScreen.storyboard in Resources */ = {isa = PBXBuildFile; fileRef = 060782BC250CE27A00A87020 /* LaunchScreen.storyboard */; };
		060782C6250CEB0A00A87020 /* InfoViewController.swift in Sources */ = {isa = PBXBuildFile; fileRef = 060782C5250CEB0A00A87020 /* InfoViewController.swift */; };
		060782C8250CEE5D00A87020 /* PostViewController.swift in Sources */ = {isa = PBXBuildFile; fileRef = 060782C7250CEE5D00A87020 /* PostViewController.swift */; };
		060782CA250CEE7200A87020 /* Post.swift in Sources */ = {isa = PBXBuildFile; fileRef = 060782C9250CEE7200A87020 /* Post.swift */; };
		189DDA5E5787EF3A36A7131A /* Pods_Navigation.framework in Frameworks */ = {isa = PBXBuildFile; fileRef = 75C4E136E7C8DE08EF9964EC /* Pods_Navigation.framework */; };
		B405A5E726B1D8B1000B95F4 /* RealmDataProvider.swift in Sources */ = {isa = PBXBuildFile; fileRef = B405A5E626B1D8B1000B95F4 /* RealmDataProvider.swift */; };
		B405A5EE26B1DECB000B95F4 /* UserData.swift in Sources */ = {isa = PBXBuildFile; fileRef = B405A5ED26B1DECB000B95F4 /* UserData.swift */; };
		B4158D27267B8F0A0085A486 /* NameResidents.swift in Sources */ = {isa = PBXBuildFile; fileRef = B4158D26267B8F0A0085A486 /* NameResidents.swift */; };
		B4158D3A267BE8E80085A486 /* GoogleService-Info.plist in Resources */ = {isa = PBXBuildFile; fileRef = B4158D39267BE8E80085A486 /* GoogleService-Info.plist */; };
		B42E4FAF26305B580025A4EF /* LoginInspector.swift in Sources */ = {isa = PBXBuildFile; fileRef = B42E4FAE26305B580025A4EF /* LoginInspector.swift */; };
		B42E4FB526307ECF0025A4EF /* PostPresenter.swift in Sources */ = {isa = PBXBuildFile; fileRef = B42E4FB426307ECF0025A4EF /* PostPresenter.swift */; };
		B42E4FB826307EF90025A4EF /* ContainerView.swift in Sources */ = {isa = PBXBuildFile; fileRef = B42E4FB726307EF90025A4EF /* ContainerView.swift */; };
		B42E4FC72631703A0025A4EF /* Coordinator.swift in Sources */ = {isa = PBXBuildFile; fileRef = B42E4FC62631703A0025A4EF /* Coordinator.swift */; };
		B42E4FCD2632CE950025A4EF /* ViewPresenter.swift in Sources */ = {isa = PBXBuildFile; fileRef = B42E4FCC2632CE950025A4EF /* ViewPresenter.swift */; };
		B437848F27E4DCB4008C9C54 /* Info.strings in Resources */ = {isa = PBXBuildFile; fileRef = B437849127E4DCB4008C9C54 /* Info.strings */; };
		B437849F27E4E74E008C9C54 /* Localizable.strings in Resources */ = {isa = PBXBuildFile; fileRef = B437849D27E4E74D008C9C54 /* Localizable.strings */; };
		B43784A527E50E2A008C9C54 /* Localizable.stringsdict in Resources */ = {isa = PBXBuildFile; fileRef = B43784A727E50E2A008C9C54 /* Localizable.stringsdict */; };
		B43784AA27E872AD008C9C54 /* BlackMode.swift in Sources */ = {isa = PBXBuildFile; fileRef = B43784A927E872AC008C9C54 /* BlackMode.swift */; };
		B43784B227E87B3D008C9C54 /* AssetsColors.xcassets in Resources */ = {isa = PBXBuildFile; fileRef = B43784B127E87B3C008C9C54 /* AssetsColors.xcassets */; };
		B43784B527E87F1A008C9C54 /* CustomColors.swift in Sources */ = {isa = PBXBuildFile; fileRef = B43784B427E87F1A008C9C54 /* CustomColors.swift */; };
		B44C19C126A4821500EED502 /* CoreDataStack.swift in Sources */ = {isa = PBXBuildFile; fileRef = B44C19C026A4821500EED502 /* CoreDataStack.swift */; };
		B44C19CD26A4ADB600EED502 /* LikedPostsModel.xcdatamodeld in Sources */ = {isa = PBXBuildFile; fileRef = B44C19CB26A4ADB600EED502 /* LikedPostsModel.xcdatamodeld */; };
		B44C19E526A4B61600EED502 /* LikedPostsViewController.swift in Sources */ = {isa = PBXBuildFile; fileRef = B44C19E426A4B61600EED502 /* LikedPostsViewController.swift */; };
		B44C19EA26A5FE0300EED502 /* ImageTransformer.swift in Sources */ = {isa = PBXBuildFile; fileRef = B44C19E926A5FE0300EED502 /* ImageTransformer.swift */; };
		B44C19EE26A5FF0700EED502 /* LikedContent+CoreDataClass.swift in Sources */ = {isa = PBXBuildFile; fileRef = B44C19EC26A5FF0700EED502 /* LikedContent+CoreDataClass.swift */; };
		B44C19EF26A5FF0700EED502 /* LikedContent+CoreDataProperties.swift in Sources */ = {isa = PBXBuildFile; fileRef = B44C19ED26A5FF0700EED502 /* LikedContent+CoreDataProperties.swift */; };
		B45943DE25E2D3F9006B9345 /* PhotosTableViewCell.swift in Sources */ = {isa = PBXBuildFile; fileRef = B45943DD25E2D3F9006B9345 /* PhotosTableViewCell.swift */; };
		B45943E125E2D3FD006B9345 /* PhotoForGalleryCell.swift in Sources */ = {isa = PBXBuildFile; fileRef = B45943E025E2D3FD006B9345 /* PhotoForGalleryCell.swift */; };
		B45943E425E2D400006B9345 /* GallaryPhotosUINavigationController.swift in Sources */ = {isa = PBXBuildFile; fileRef = B45943E325E2D400006B9345 /* GallaryPhotosUINavigationController.swift */; };
		B45943E725E2D403006B9345 /* Gallary.swift in Sources */ = {isa = PBXBuildFile; fileRef = B45943E625E2D403006B9345 /* Gallary.swift */; };
		B45943EA25E2D406006B9345 /* CallPhotosCell.swift in Sources */ = {isa = PBXBuildFile; fileRef = B45943E925E2D406006B9345 /* CallPhotosCell.swift */; };
		B4AC3FC826763F1F001D2E4A /* NetworkService.swift in Sources */ = {isa = PBXBuildFile; fileRef = B4AC3FC726763F1F001D2E4A /* NetworkService.swift */; };
		B4AC3FCD267654EF001D2E4A /* NetworkManager.swift in Sources */ = {isa = PBXBuildFile; fileRef = B4AC3FCC267654EF001D2E4A /* NetworkManager.swift */; };
		B4AC3FD226768562001D2E4A /* Tatooine.swift in Sources */ = {isa = PBXBuildFile; fileRef = B4AC3FD126768562001D2E4A /* Tatooine.swift */; };
		B4AC3FD5267685AE001D2E4A /* JsonSerializationToObject.swift in Sources */ = {isa = PBXBuildFile; fileRef = B4AC3FD4267685AE001D2E4A /* JsonSerializationToObject.swift */; };
		B4B8371826FBB64A0070A8DE /* KeychainConfiguration.swift in Sources */ = {isa = PBXBuildFile; fileRef = B4B8371726FBB64A0070A8DE /* KeychainConfiguration.swift */; };
		B4F08EE225DA7CED0061AE32 /* ProfileHeaderForSectionOne.swift in Sources */ = {isa = PBXBuildFile; fileRef = B4F08EDC25DA7CEC0061AE32 /* ProfileHeaderForSectionOne.swift */; };
		B4F08EE325DA7CED0061AE32 /* PostTableViewCell.swift in Sources */ = {isa = PBXBuildFile; fileRef = B4F08EDD25DA7CEC0061AE32 /* PostTableViewCell.swift */; };
		B4F08EE525DA7CED0061AE32 /* LogInViewController.swift in Sources */ = {isa = PBXBuildFile; fileRef = B4F08EDF25DA7CEC0061AE32 /* LogInViewController.swift */; };
		B4F08EE625DA7CED0061AE32 /* ProfileViewController.swift in Sources */ = {isa = PBXBuildFile; fileRef = B4F08EE025DA7CED0061AE32 /* ProfileViewController.swift */; };
		B4F08EEC25DA7EFB0061AE32 /* Storage.swift in Sources */ = {isa = PBXBuildFile; fileRef = B4F08EEB25DA7EFB0061AE32 /* Storage.swift */; };
/* End PBXBuildFile section */

/* Begin PBXFileReference section */
		060782AE250CE27700A87020 /* Navigation.app */ = {isa = PBXFileReference; explicitFileType = wrapper.application; includeInIndex = 0; path = Navigation.app; sourceTree = BUILT_PRODUCTS_DIR; };
		060782B1250CE27700A87020 /* AppDelegate.swift */ = {isa = PBXFileReference; lastKnownFileType = sourcecode.swift; path = AppDelegate.swift; sourceTree = "<group>"; };
		060782B3250CE27700A87020 /* SceneDelegate.swift */ = {isa = PBXFileReference; lastKnownFileType = sourcecode.swift; path = SceneDelegate.swift; sourceTree = "<group>"; };
		060782B5250CE27700A87020 /* FeedViewController.swift */ = {isa = PBXFileReference; lastKnownFileType = sourcecode.swift; path = FeedViewController.swift; sourceTree = "<group>"; };
		060782B8250CE27700A87020 /* Base */ = {isa = PBXFileReference; lastKnownFileType = file.storyboard; name = Base; path = Base.lproj/Main.storyboard; sourceTree = "<group>"; };
		060782BA250CE27A00A87020 /* Assets.xcassets */ = {isa = PBXFileReference; lastKnownFileType = folder.assetcatalog; path = Assets.xcassets; sourceTree = "<group>"; };
		060782BD250CE27A00A87020 /* Base */ = {isa = PBXFileReference; lastKnownFileType = file.storyboard; name = Base; path = Base.lproj/LaunchScreen.storyboard; sourceTree = "<group>"; };
		060782BF250CE27A00A87020 /* Info.plist */ = {isa = PBXFileReference; lastKnownFileType = text.plist.xml; path = Info.plist; sourceTree = "<group>"; };
		060782C5250CEB0A00A87020 /* InfoViewController.swift */ = {isa = PBXFileReference; lastKnownFileType = sourcecode.swift; path = InfoViewController.swift; sourceTree = "<group>"; };
		060782C7250CEE5D00A87020 /* PostViewController.swift */ = {isa = PBXFileReference; lastKnownFileType = sourcecode.swift; path = PostViewController.swift; sourceTree = "<group>"; };
		060782C9250CEE7200A87020 /* Post.swift */ = {isa = PBXFileReference; lastKnownFileType = sourcecode.swift; path = Post.swift; sourceTree = "<group>"; };
		14E02749ED4693F9054EA597 /* Pods-Navigation.release.xcconfig */ = {isa = PBXFileReference; includeInIndex = 1; lastKnownFileType = text.xcconfig; name = "Pods-Navigation.release.xcconfig"; path = "Target Support Files/Pods-Navigation/Pods-Navigation.release.xcconfig"; sourceTree = "<group>"; };
		29936D05CFA8E79BBBEBA7AF /* Pods-Navigation.debug.xcconfig */ = {isa = PBXFileReference; includeInIndex = 1; lastKnownFileType = text.xcconfig; name = "Pods-Navigation.debug.xcconfig"; path = "Target Support Files/Pods-Navigation/Pods-Navigation.debug.xcconfig"; sourceTree = "<group>"; };
		75C4E136E7C8DE08EF9964EC /* Pods_Navigation.framework */ = {isa = PBXFileReference; explicitFileType = wrapper.framework; includeInIndex = 0; path = Pods_Navigation.framework; sourceTree = BUILT_PRODUCTS_DIR; };
		B405A5E626B1D8B1000B95F4 /* RealmDataProvider.swift */ = {isa = PBXFileReference; lastKnownFileType = sourcecode.swift; path = RealmDataProvider.swift; sourceTree = "<group>"; };
		B405A5ED26B1DECB000B95F4 /* UserData.swift */ = {isa = PBXFileReference; lastKnownFileType = sourcecode.swift; path = UserData.swift; sourceTree = "<group>"; };
		B4158D26267B8F0A0085A486 /* NameResidents.swift */ = {isa = PBXFileReference; lastKnownFileType = sourcecode.swift; path = NameResidents.swift; sourceTree = "<group>"; };
		B4158D39267BE8E80085A486 /* GoogleService-Info.plist */ = {isa = PBXFileReference; fileEncoding = 4; lastKnownFileType = text.plist.xml; path = "GoogleService-Info.plist"; sourceTree = "<group>"; };
		B42E4FAE26305B580025A4EF /* LoginInspector.swift */ = {isa = PBXFileReference; lastKnownFileType = sourcecode.swift; path = LoginInspector.swift; sourceTree = "<group>"; };
		B42E4FB426307ECF0025A4EF /* PostPresenter.swift */ = {isa = PBXFileReference; lastKnownFileType = sourcecode.swift; path = PostPresenter.swift; sourceTree = "<group>"; };
		B42E4FB726307EF90025A4EF /* ContainerView.swift */ = {isa = PBXFileReference; lastKnownFileType = sourcecode.swift; path = ContainerView.swift; sourceTree = "<group>"; };
		B42E4FC62631703A0025A4EF /* Coordinator.swift */ = {isa = PBXFileReference; lastKnownFileType = sourcecode.swift; path = Coordinator.swift; sourceTree = "<group>"; };
		B42E4FCC2632CE950025A4EF /* ViewPresenter.swift */ = {isa = PBXFileReference; lastKnownFileType = sourcecode.swift; path = ViewPresenter.swift; sourceTree = "<group>"; };
		B437849727E4DE80008C9C54 /* ru */ = {isa = PBXFileReference; lastKnownFileType = text.plist.strings; name = ru; path = ru.lproj/Main.strings; sourceTree = "<group>"; };
		B437849B27E4E034008C9C54 /* ru */ = {isa = PBXFileReference; lastKnownFileType = text.plist.strings; name = ru; path = ru.lproj/Info.strings; sourceTree = "<group>"; };
		B437849E27E4E74D008C9C54 /* ru */ = {isa = PBXFileReference; lastKnownFileType = text.plist.strings; name = ru; path = ru.lproj/Localizable.strings; sourceTree = "<group>"; };
		B43784A627E50E2A008C9C54 /* ru */ = {isa = PBXFileReference; lastKnownFileType = text.plist.stringsdict; name = ru; path = ru.lproj/Localizable.stringsdict; sourceTree = "<group>"; };
		B43784A927E872AC008C9C54 /* BlackMode.swift */ = {isa = PBXFileReference; lastKnownFileType = sourcecode.swift; path = BlackMode.swift; sourceTree = "<group>"; };
		B43784B127E87B3C008C9C54 /* AssetsColors.xcassets */ = {isa = PBXFileReference; lastKnownFileType = folder.assetcatalog; path = AssetsColors.xcassets; sourceTree = "<group>"; };
		B43784B427E87F1A008C9C54 /* CustomColors.swift */ = {isa = PBXFileReference; lastKnownFileType = sourcecode.swift; path = CustomColors.swift; sourceTree = "<group>"; };
		B44C19C026A4821500EED502 /* CoreDataStack.swift */ = {isa = PBXFileReference; lastKnownFileType = sourcecode.swift; path = CoreDataStack.swift; sourceTree = "<group>"; };
		B44C19CC26A4ADB600EED502 /* LikedPostsModel.xcdatamodel */ = {isa = PBXFileReference; lastKnownFileType = wrapper.xcdatamodel; path = LikedPostsModel.xcdatamodel; sourceTree = "<group>"; };
		B44C19E426A4B61600EED502 /* LikedPostsViewController.swift */ = {isa = PBXFileReference; lastKnownFileType = sourcecode.swift; path = LikedPostsViewController.swift; sourceTree = "<group>"; };
		B44C19E926A5FE0300EED502 /* ImageTransformer.swift */ = {isa = PBXFileReference; lastKnownFileType = sourcecode.swift; path = ImageTransformer.swift; sourceTree = "<group>"; };
		B44C19EC26A5FF0700EED502 /* LikedContent+CoreDataClass.swift */ = {isa = PBXFileReference; lastKnownFileType = sourcecode.swift; path = "LikedContent+CoreDataClass.swift"; sourceTree = SOURCE_ROOT; };
		B44C19ED26A5FF0700EED502 /* LikedContent+CoreDataProperties.swift */ = {isa = PBXFileReference; lastKnownFileType = sourcecode.swift; path = "LikedContent+CoreDataProperties.swift"; sourceTree = SOURCE_ROOT; };
		B45943DD25E2D3F9006B9345 /* PhotosTableViewCell.swift */ = {isa = PBXFileReference; lastKnownFileType = sourcecode.swift; path = PhotosTableViewCell.swift; sourceTree = "<group>"; };
		B45943E025E2D3FD006B9345 /* PhotoForGalleryCell.swift */ = {isa = PBXFileReference; lastKnownFileType = sourcecode.swift; path = PhotoForGalleryCell.swift; sourceTree = "<group>"; };
		B45943E325E2D400006B9345 /* GallaryPhotosUINavigationController.swift */ = {isa = PBXFileReference; lastKnownFileType = sourcecode.swift; path = GallaryPhotosUINavigationController.swift; sourceTree = "<group>"; };
		B45943E625E2D403006B9345 /* Gallary.swift */ = {isa = PBXFileReference; lastKnownFileType = sourcecode.swift; path = Gallary.swift; sourceTree = "<group>"; };
		B45943E925E2D406006B9345 /* CallPhotosCell.swift */ = {isa = PBXFileReference; lastKnownFileType = sourcecode.swift; path = CallPhotosCell.swift; sourceTree = "<group>"; };
		B4AC3FC726763F1F001D2E4A /* NetworkService.swift */ = {isa = PBXFileReference; lastKnownFileType = sourcecode.swift; path = NetworkService.swift; sourceTree = "<group>"; };
		B4AC3FCC267654EF001D2E4A /* NetworkManager.swift */ = {isa = PBXFileReference; lastKnownFileType = sourcecode.swift; path = NetworkManager.swift; sourceTree = "<group>"; };
		B4AC3FD126768562001D2E4A /* Tatooine.swift */ = {isa = PBXFileReference; lastKnownFileType = sourcecode.swift; path = Tatooine.swift; sourceTree = "<group>"; };
		B4AC3FD4267685AE001D2E4A /* JsonSerializationToObject.swift */ = {isa = PBXFileReference; lastKnownFileType = sourcecode.swift; path = JsonSerializationToObject.swift; sourceTree = "<group>"; };
		B4B8371726FBB64A0070A8DE /* KeychainConfiguration.swift */ = {isa = PBXFileReference; lastKnownFileType = sourcecode.swift; path = KeychainConfiguration.swift; sourceTree = "<group>"; };
		B4F08EDC25DA7CEC0061AE32 /* ProfileHeaderForSectionOne.swift */ = {isa = PBXFileReference; fileEncoding = 4; lastKnownFileType = sourcecode.swift; path = ProfileHeaderForSectionOne.swift; sourceTree = "<group>"; };
		B4F08EDD25DA7CEC0061AE32 /* PostTableViewCell.swift */ = {isa = PBXFileReference; fileEncoding = 4; lastKnownFileType = sourcecode.swift; path = PostTableViewCell.swift; sourceTree = "<group>"; };
		B4F08EDF25DA7CEC0061AE32 /* LogInViewController.swift */ = {isa = PBXFileReference; fileEncoding = 4; lastKnownFileType = sourcecode.swift; path = LogInViewController.swift; sourceTree = "<group>"; };
		B4F08EE025DA7CED0061AE32 /* ProfileViewController.swift */ = {isa = PBXFileReference; fileEncoding = 4; lastKnownFileType = sourcecode.swift; path = ProfileViewController.swift; sourceTree = "<group>"; };
		B4F08EEB25DA7EFB0061AE32 /* Storage.swift */ = {isa = PBXFileReference; lastKnownFileType = sourcecode.swift; path = Storage.swift; sourceTree = "<group>"; };
/* End PBXFileReference section */

/* Begin PBXFrameworksBuildPhase section */
		060782AB250CE27700A87020 /* Frameworks */ = {
			isa = PBXFrameworksBuildPhase;
			buildActionMask = 2147483647;
			files = (
				189DDA5E5787EF3A36A7131A /* Pods_Navigation.framework in Frameworks */,
			);
			runOnlyForDeploymentPostprocessing = 0;
		};
/* End PBXFrameworksBuildPhase section */

/* Begin PBXGroup section */
		04959CF053BE96A0B77C60FE /* Frameworks */ = {
			isa = PBXGroup;
			children = (
				75C4E136E7C8DE08EF9964EC /* Pods_Navigation.framework */,
			);
			name = Frameworks;
			sourceTree = "<group>";
		};
		060782A5250CE27700A87020 = {
			isa = PBXGroup;
			children = (
				B4158D39267BE8E80085A486 /* GoogleService-Info.plist */,
				B4CADAD025B6097600A84DBE /* Profile */,
				B44C19BF26A481F200EED502 /* CoreDataPosts */,
				060782B0250CE27700A87020 /* Navigation */,
				060782AF250CE27700A87020 /* Products */,
				DB442E7F422F23A3B5174224 /* Pods */,
				04959CF053BE96A0B77C60FE /* Frameworks */,
			);
			sourceTree = "<group>";
		};
		060782AF250CE27700A87020 /* Products */ = {
			isa = PBXGroup;
			children = (
				060782AE250CE27700A87020 /* Navigation.app */,
			);
			name = Products;
			sourceTree = "<group>";
		};
		060782B0250CE27700A87020 /* Navigation */ = {
			isa = PBXGroup;
			children = (
				060782B1250CE27700A87020 /* AppDelegate.swift */,
				B4AC3FC726763F1F001D2E4A /* NetworkService.swift */,
				060782B3250CE27700A87020 /* SceneDelegate.swift */,
				B42E4FC62631703A0025A4EF /* Coordinator.swift */,
				B4AC3FCB267654A4001D2E4A /* JSON.Codable */,
				B42E4FCF2632CE9B0025A4EF /* Login */,
				B42E4FB326307E9D0025A4EF /* HomeWorkCreateNavigation */,
				060782B7250CE27700A87020 /* Main.storyboard */,
				060782BA250CE27A00A87020 /* Assets.xcassets */,
				060782BC250CE27A00A87020 /* LaunchScreen.storyboard */,
				060782BF250CE27A00A87020 /* Info.plist */,
				B43784AF27E87B03008C9C54 /* ColorMode */,
				B437849127E4DCB4008C9C54 /* Info.strings */,
				B437849D27E4E74D008C9C54 /* Localizable.strings */,
				B43784A727E50E2A008C9C54 /* Localizable.stringsdict */,
				060782C9250CEE7200A87020 /* Post.swift */,
			);
			path = Navigation;
			sourceTree = "<group>";
		};
		B417269326B2951800B346BD /* Realm */ = {
			isa = PBXGroup;
			children = (
				B405A5E626B1D8B1000B95F4 /* RealmDataProvider.swift */,
				B4B8371726FBB64A0070A8DE /* KeychainConfiguration.swift */,
				B405A5ED26B1DECB000B95F4 /* UserData.swift */,
			);
			path = Realm;
			sourceTree = "<group>";
		};
		B42E4FB326307E9D0025A4EF /* HomeWorkCreateNavigation */ = {
			isa = PBXGroup;
			children = (
				060782C7250CEE5D00A87020 /* PostViewController.swift */,
				B42E4FB726307EF90025A4EF /* ContainerView.swift */,
				060782B5250CE27700A87020 /* FeedViewController.swift */,
				B42E4FB426307ECF0025A4EF /* PostPresenter.swift */,
			);
			path = HomeWorkCreateNavigation;
			sourceTree = "<group>";
		};
		B42E4FCF2632CE9B0025A4EF /* Login */ = {
			isa = PBXGroup;
			children = (
				B42E4FAE26305B580025A4EF /* LoginInspector.swift */,
				B42E4FCC2632CE950025A4EF /* ViewPresenter.swift */,
				B417269326B2951800B346BD /* Realm */,
				B4F08EDF25DA7CEC0061AE32 /* LogInViewController.swift */,
			);
			path = Login;
			sourceTree = "<group>";
		};
		B43784AF27E87B03008C9C54 /* ColorMode */ = {
			isa = PBXGroup;
			children = (
				B43784A927E872AC008C9C54 /* BlackMode.swift */,
				B43784B427E87F1A008C9C54 /* CustomColors.swift */,
				B43784B127E87B3C008C9C54 /* AssetsColors.xcassets */,
			);
			name = ColorMode;
			sourceTree = "<group>";
		};
		B44C19BF26A481F200EED502 /* CoreDataPosts */ = {
			isa = PBXGroup;
			children = (
				B44C19EC26A5FF0700EED502 /* LikedContent+CoreDataClass.swift */,
				B44C19ED26A5FF0700EED502 /* LikedContent+CoreDataProperties.swift */,
				B44C19E426A4B61600EED502 /* LikedPostsViewController.swift */,
				B44C19C026A4821500EED502 /* CoreDataStack.swift */,
				B44C19E926A5FE0300EED502 /* ImageTransformer.swift */,
				B44C19CB26A4ADB600EED502 /* LikedPostsModel.xcdatamodeld */,
			);
			path = CoreDataPosts;
			sourceTree = "<group>";
		};
		B4AC3FCB267654A4001D2E4A /* JSON.Codable */ = {
			isa = PBXGroup;
			children = (
				060782C5250CEB0A00A87020 /* InfoViewController.swift */,
				B4AC3FCC267654EF001D2E4A /* NetworkManager.swift */,
				B4158D26267B8F0A0085A486 /* NameResidents.swift */,
				B4AC3FD4267685AE001D2E4A /* JsonSerializationToObject.swift */,
				B4AC3FD126768562001D2E4A /* Tatooine.swift */,
			);
			path = JSON.Codable;
			sourceTree = "<group>";
		};
		B4CADAD025B6097600A84DBE /* Profile */ = {
			isa = PBXGroup;
			children = (
				B45943E325E2D400006B9345 /* GallaryPhotosUINavigationController.swift */,
				B45943E025E2D3FD006B9345 /* PhotoForGalleryCell.swift */,
				B45943E625E2D403006B9345 /* Gallary.swift */,
				B45943DD25E2D3F9006B9345 /* PhotosTableViewCell.swift */,
				B4F08EDC25DA7CEC0061AE32 /* ProfileHeaderForSectionOne.swift */,
				B4F08EDD25DA7CEC0061AE32 /* PostTableViewCell.swift */,
				B45943E925E2D406006B9345 /* CallPhotosCell.swift */,
				B4F08EE025DA7CED0061AE32 /* ProfileViewController.swift */,
				B4F08EEB25DA7EFB0061AE32 /* Storage.swift */,
			);
			path = Profile;
			sourceTree = "<group>";
		};
		DB442E7F422F23A3B5174224 /* Pods */ = {
			isa = PBXGroup;
			children = (
				29936D05CFA8E79BBBEBA7AF /* Pods-Navigation.debug.xcconfig */,
				14E02749ED4693F9054EA597 /* Pods-Navigation.release.xcconfig */,
			);
			path = Pods;
			sourceTree = "<group>";
		};
/* End PBXGroup section */

/* Begin PBXNativeTarget section */
		060782AD250CE27700A87020 /* Navigation */ = {
			isa = PBXNativeTarget;
			buildConfigurationList = 060782C2250CE27A00A87020 /* Build configuration list for PBXNativeTarget "Navigation" */;
			buildPhases = (
				38F99785F09319854EE4F56F /* [CP] Check Pods Manifest.lock */,
				060782AA250CE27700A87020 /* Sources */,
				060782AB250CE27700A87020 /* Frameworks */,
				060782AC250CE27700A87020 /* Resources */,
				907CD5B313845B516D6C0724 /* [CP] Embed Pods Frameworks */,
			);
			buildRules = (
			);
			dependencies = (
			);
			name = Navigation;
			productName = Navigation;
			productReference = 060782AE250CE27700A87020 /* Navigation.app */;
			productType = "com.apple.product-type.application";
		};
/* End PBXNativeTarget section */

/* Begin PBXProject section */
		060782A6250CE27700A87020 /* Project object */ = {
			isa = PBXProject;
			attributes = {
				LastSwiftUpdateCheck = 1170;
				LastUpgradeCheck = 1170;
				ORGANIZATIONNAME = "Artem Novichkov";
				TargetAttributes = {
					060782AD250CE27700A87020 = {
						CreatedOnToolsVersion = 11.7;
					};
				};
			};
			buildConfigurationList = 060782A9250CE27700A87020 /* Build configuration list for PBXProject "Navigation" */;
			compatibilityVersion = "Xcode 9.3";
			developmentRegion = en;
			hasScannedForEncodings = 0;
			knownRegions = (
				en,
				Base,
				ru,
			);
			mainGroup = 060782A5250CE27700A87020;
			productRefGroup = 060782AF250CE27700A87020 /* Products */;
			projectDirPath = "";
			projectRoot = "";
			targets = (
				060782AD250CE27700A87020 /* Navigation */,
			);
		};
/* End PBXProject section */

/* Begin PBXResourcesBuildPhase section */
		060782AC250CE27700A87020 /* Resources */ = {
			isa = PBXResourcesBuildPhase;
			buildActionMask = 2147483647;
			files = (
				060782BE250CE27A00A87020 /* LaunchScreen.storyboard in Resources */,
				B437849F27E4E74E008C9C54 /* Localizable.strings in Resources */,
				B4158D3A267BE8E80085A486 /* GoogleService-Info.plist in Resources */,
				B437848F27E4DCB4008C9C54 /* Info.strings in Resources */,
				060782BB250CE27A00A87020 /* Assets.xcassets in Resources */,
				060782B9250CE27700A87020 /* Main.storyboard in Resources */,
				B43784B227E87B3D008C9C54 /* AssetsColors.xcassets in Resources */,
				B43784A527E50E2A008C9C54 /* Localizable.stringsdict in Resources */,
			);
			runOnlyForDeploymentPostprocessing = 0;
		};
/* End PBXResourcesBuildPhase section */

/* Begin PBXShellScriptBuildPhase section */
		38F99785F09319854EE4F56F /* [CP] Check Pods Manifest.lock */ = {
			isa = PBXShellScriptBuildPhase;
			buildActionMask = 2147483647;
			files = (
			);
			inputFileListPaths = (
			);
			inputPaths = (
				"${PODS_PODFILE_DIR_PATH}/Podfile.lock",
				"${PODS_ROOT}/Manifest.lock",
			);
			name = "[CP] Check Pods Manifest.lock";
			outputFileListPaths = (
			);
			outputPaths = (
				"$(DERIVED_FILE_DIR)/Pods-Navigation-checkManifestLockResult.txt",
			);
			runOnlyForDeploymentPostprocessing = 0;
			shellPath = /bin/sh;
			shellScript = "diff \"${PODS_PODFILE_DIR_PATH}/Podfile.lock\" \"${PODS_ROOT}/Manifest.lock\" > /dev/null\nif [ $? != 0 ] ; then\n    # print error to STDERR\n    echo \"error: The sandbox is not in sync with the Podfile.lock. Run 'pod install' or update your CocoaPods installation.\" >&2\n    exit 1\nfi\n# This output is used by Xcode 'outputs' to avoid re-running this script phase.\necho \"SUCCESS\" > \"${SCRIPT_OUTPUT_FILE_0}\"\n";
			showEnvVarsInLog = 0;
		};
		907CD5B313845B516D6C0724 /* [CP] Embed Pods Frameworks */ = {
			isa = PBXShellScriptBuildPhase;
			buildActionMask = 2147483647;
			files = (
			);
			inputFileListPaths = (
				"${PODS_ROOT}/Target Support Files/Pods-Navigation/Pods-Navigation-frameworks-${CONFIGURATION}-input-files.xcfilelist",
			);
			name = "[CP] Embed Pods Frameworks";
			outputFileListPaths = (
				"${PODS_ROOT}/Target Support Files/Pods-Navigation/Pods-Navigation-frameworks-${CONFIGURATION}-output-files.xcfilelist",
			);
			runOnlyForDeploymentPostprocessing = 0;
			shellPath = /bin/sh;
			shellScript = "\"${PODS_ROOT}/Target Support Files/Pods-Navigation/Pods-Navigation-frameworks.sh\"\n";
			showEnvVarsInLog = 0;
		};
/* End PBXShellScriptBuildPhase section */

/* Begin PBXSourcesBuildPhase section */
		060782AA250CE27700A87020 /* Sources */ = {
			isa = PBXSourcesBuildPhase;
			buildActionMask = 2147483647;
			files = (
				B4AC3FCD267654EF001D2E4A /* NetworkManager.swift in Sources */,
				B4AC3FC826763F1F001D2E4A /* NetworkService.swift in Sources */,
				B45943DE25E2D3F9006B9345 /* PhotosTableViewCell.swift in Sources */,
				B405A5E726B1D8B1000B95F4 /* RealmDataProvider.swift in Sources */,
				B44C19C126A4821500EED502 /* CoreDataStack.swift in Sources */,
				B42E4FCD2632CE950025A4EF /* ViewPresenter.swift in Sources */,
				B45943E425E2D400006B9345 /* GallaryPhotosUINavigationController.swift in Sources */,
				B42E4FB526307ECF0025A4EF /* PostPresenter.swift in Sources */,
				B44C19EA26A5FE0300EED502 /* ImageTransformer.swift in Sources */,
				060782B6250CE27700A87020 /* FeedViewController.swift in Sources */,
				B44C19E526A4B61600EED502 /* LikedPostsViewController.swift in Sources */,
				060782B2250CE27700A87020 /* AppDelegate.swift in Sources */,
				B4F08EE625DA7CED0061AE32 /* ProfileViewController.swift in Sources */,
				B43784B527E87F1A008C9C54 /* CustomColors.swift in Sources */,
				060782C6250CEB0A00A87020 /* InfoViewController.swift in Sources */,
				B44C19CD26A4ADB600EED502 /* LikedPostsModel.xcdatamodeld in Sources */,
				B44C19EE26A5FF0700EED502 /* LikedContent+CoreDataClass.swift in Sources */,
				B43784AA27E872AD008C9C54 /* BlackMode.swift in Sources */,
				B44C19EF26A5FF0700EED502 /* LikedContent+CoreDataProperties.swift in Sources */,
				B42E4FAF26305B580025A4EF /* LoginInspector.swift in Sources */,
				060782CA250CEE7200A87020 /* Post.swift in Sources */,
				B4B8371826FBB64A0070A8DE /* KeychainConfiguration.swift in Sources */,
				B4F08EE525DA7CED0061AE32 /* LogInViewController.swift in Sources */,
				B45943EA25E2D406006B9345 /* CallPhotosCell.swift in Sources */,
				B4F08EE325DA7CED0061AE32 /* PostTableViewCell.swift in Sources */,
				B405A5EE26B1DECB000B95F4 /* UserData.swift in Sources */,
				B42E4FC72631703A0025A4EF /* Coordinator.swift in Sources */,
				B4F08EE225DA7CED0061AE32 /* ProfileHeaderForSectionOne.swift in Sources */,
				B42E4FB826307EF90025A4EF /* ContainerView.swift in Sources */,
				B45943E125E2D3FD006B9345 /* PhotoForGalleryCell.swift in Sources */,
				060782B4250CE27700A87020 /* SceneDelegate.swift in Sources */,
				B4158D27267B8F0A0085A486 /* NameResidents.swift in Sources */,
				B4AC3FD226768562001D2E4A /* Tatooine.swift in Sources */,
				060782C8250CEE5D00A87020 /* PostViewController.swift in Sources */,
				B4AC3FD5267685AE001D2E4A /* JsonSerializationToObject.swift in Sources */,
				B4F08EEC25DA7EFB0061AE32 /* Storage.swift in Sources */,
				B45943E725E2D403006B9345 /* Gallary.swift in Sources */,
			);
			runOnlyForDeploymentPostprocessing = 0;
		};
/* End PBXSourcesBuildPhase section */

/* Begin PBXVariantGroup section */
		060782B7250CE27700A87020 /* Main.storyboard */ = {
			isa = PBXVariantGroup;
			children = (
				060782B8250CE27700A87020 /* Base */,
				B437849727E4DE80008C9C54 /* ru */,
			);
			name = Main.storyboard;
			sourceTree = "<group>";
		};
		060782BC250CE27A00A87020 /* LaunchScreen.storyboard */ = {
			isa = PBXVariantGroup;
			children = (
				060782BD250CE27A00A87020 /* Base */,
			);
			name = LaunchScreen.storyboard;
			sourceTree = "<group>";
		};
		B437849127E4DCB4008C9C54 /* Info.strings */ = {
			isa = PBXVariantGroup;
			children = (
				B437849B27E4E034008C9C54 /* ru */,
			);
			name = Info.strings;
			sourceTree = "<group>";
		};
		B437849D27E4E74D008C9C54 /* Localizable.strings */ = {
			isa = PBXVariantGroup;
			children = (
				B437849E27E4E74D008C9C54 /* ru */,
			);
			name = Localizable.strings;
			sourceTree = "<group>";
		};
		B43784A727E50E2A008C9C54 /* Localizable.stringsdict */ = {
			isa = PBXVariantGroup;
			children = (
				B43784A627E50E2A008C9C54 /* ru */,
			);
			name = Localizable.stringsdict;
			sourceTree = "<group>";
		};
/* End PBXVariantGroup section */

/* Begin XCBuildConfiguration section */
		060782C0250CE27A00A87020 /* Debug */ = {
			isa = XCBuildConfiguration;
			buildSettings = {
				ALWAYS_SEARCH_USER_PATHS = NO;
				CLANG_ANALYZER_LOCALIZABILITY_NONLOCALIZED = YES;
				CLANG_ANALYZER_NONNULL = YES;
				CLANG_ANALYZER_NUMBER_OBJECT_CONVERSION = YES_AGGRESSIVE;
				CLANG_CXX_LANGUAGE_STANDARD = "gnu++14";
				CLANG_CXX_LIBRARY = "libc++";
				CLANG_ENABLE_MODULES = YES;
				CLANG_ENABLE_OBJC_ARC = YES;
				CLANG_ENABLE_OBJC_WEAK = YES;
				CLANG_WARN_BLOCK_CAPTURE_AUTORELEASING = YES;
				CLANG_WARN_BOOL_CONVERSION = YES;
				CLANG_WARN_COMMA = YES;
				CLANG_WARN_CONSTANT_CONVERSION = YES;
				CLANG_WARN_DEPRECATED_OBJC_IMPLEMENTATIONS = YES;
				CLANG_WARN_DIRECT_OBJC_ISA_USAGE = YES_ERROR;
				CLANG_WARN_DOCUMENTATION_COMMENTS = YES;
				CLANG_WARN_EMPTY_BODY = YES;
				CLANG_WARN_ENUM_CONVERSION = YES;
				CLANG_WARN_INFINITE_RECURSION = YES;
				CLANG_WARN_INT_CONVERSION = YES;
				CLANG_WARN_NON_LITERAL_NULL_CONVERSION = YES;
				CLANG_WARN_OBJC_IMPLICIT_RETAIN_SELF = YES;
				CLANG_WARN_OBJC_LITERAL_CONVERSION = YES;
				CLANG_WARN_OBJC_ROOT_CLASS = YES_ERROR;
				CLANG_WARN_RANGE_LOOP_ANALYSIS = YES;
				CLANG_WARN_STRICT_PROTOTYPES = YES;
				CLANG_WARN_SUSPICIOUS_MOVE = YES;
				CLANG_WARN_UNGUARDED_AVAILABILITY = YES_AGGRESSIVE;
				CLANG_WARN_UNREACHABLE_CODE = YES;
				CLANG_WARN__DUPLICATE_METHOD_MATCH = YES;
				COPY_PHASE_STRIP = NO;
				DEBUG_INFORMATION_FORMAT = dwarf;
				ENABLE_STRICT_OBJC_MSGSEND = YES;
				ENABLE_TESTABILITY = YES;
				GCC_C_LANGUAGE_STANDARD = gnu11;
				GCC_DYNAMIC_NO_PIC = NO;
				GCC_NO_COMMON_BLOCKS = YES;
				GCC_OPTIMIZATION_LEVEL = 0;
				GCC_PREPROCESSOR_DEFINITIONS = (
					"DEBUG=1",
					"$(inherited)",
				);
				GCC_WARN_64_TO_32_BIT_CONVERSION = YES;
				GCC_WARN_ABOUT_RETURN_TYPE = YES_ERROR;
				GCC_WARN_UNDECLARED_SELECTOR = YES;
				GCC_WARN_UNINITIALIZED_AUTOS = YES_AGGRESSIVE;
				GCC_WARN_UNUSED_FUNCTION = YES;
				GCC_WARN_UNUSED_VARIABLE = YES;
				IPHONEOS_DEPLOYMENT_TARGET = 13.7;
				MTL_ENABLE_DEBUG_INFO = INCLUDE_SOURCE;
				MTL_FAST_MATH = YES;
				ONLY_ACTIVE_ARCH = YES;
				SDKROOT = iphoneos;
				SWIFT_ACTIVE_COMPILATION_CONDITIONS = DEBUG;
				SWIFT_OPTIMIZATION_LEVEL = "-Onone";
			};
			name = Debug;
		};
		060782C1250CE27A00A87020 /* Release */ = {
			isa = XCBuildConfiguration;
			buildSettings = {
				ALWAYS_SEARCH_USER_PATHS = NO;
				CLANG_ANALYZER_LOCALIZABILITY_NONLOCALIZED = YES;
				CLANG_ANALYZER_NONNULL = YES;
				CLANG_ANALYZER_NUMBER_OBJECT_CONVERSION = YES_AGGRESSIVE;
				CLANG_CXX_LANGUAGE_STANDARD = "gnu++14";
				CLANG_CXX_LIBRARY = "libc++";
				CLANG_ENABLE_MODULES = YES;
				CLANG_ENABLE_OBJC_ARC = YES;
				CLANG_ENABLE_OBJC_WEAK = YES;
				CLANG_WARN_BLOCK_CAPTURE_AUTORELEASING = YES;
				CLANG_WARN_BOOL_CONVERSION = YES;
				CLANG_WARN_COMMA = YES;
				CLANG_WARN_CONSTANT_CONVERSION = YES;
				CLANG_WARN_DEPRECATED_OBJC_IMPLEMENTATIONS = YES;
				CLANG_WARN_DIRECT_OBJC_ISA_USAGE = YES_ERROR;
				CLANG_WARN_DOCUMENTATION_COMMENTS = YES;
				CLANG_WARN_EMPTY_BODY = YES;
				CLANG_WARN_ENUM_CONVERSION = YES;
				CLANG_WARN_INFINITE_RECURSION = YES;
				CLANG_WARN_INT_CONVERSION = YES;
				CLANG_WARN_NON_LITERAL_NULL_CONVERSION = YES;
				CLANG_WARN_OBJC_IMPLICIT_RETAIN_SELF = YES;
				CLANG_WARN_OBJC_LITERAL_CONVERSION = YES;
				CLANG_WARN_OBJC_ROOT_CLASS = YES_ERROR;
				CLANG_WARN_RANGE_LOOP_ANALYSIS = YES;
				CLANG_WARN_STRICT_PROTOTYPES = YES;
				CLANG_WARN_SUSPICIOUS_MOVE = YES;
				CLANG_WARN_UNGUARDED_AVAILABILITY = YES_AGGRESSIVE;
				CLANG_WARN_UNREACHABLE_CODE = YES;
				CLANG_WARN__DUPLICATE_METHOD_MATCH = YES;
				COPY_PHASE_STRIP = NO;
				DEBUG_INFORMATION_FORMAT = "dwarf-with-dsym";
				ENABLE_NS_ASSERTIONS = NO;
				ENABLE_STRICT_OBJC_MSGSEND = YES;
				GCC_C_LANGUAGE_STANDARD = gnu11;
				GCC_NO_COMMON_BLOCKS = YES;
				GCC_WARN_64_TO_32_BIT_CONVERSION = YES;
				GCC_WARN_ABOUT_RETURN_TYPE = YES_ERROR;
				GCC_WARN_UNDECLARED_SELECTOR = YES;
				GCC_WARN_UNINITIALIZED_AUTOS = YES_AGGRESSIVE;
				GCC_WARN_UNUSED_FUNCTION = YES;
				GCC_WARN_UNUSED_VARIABLE = YES;
				IPHONEOS_DEPLOYMENT_TARGET = 13.7;
				MTL_ENABLE_DEBUG_INFO = NO;
				MTL_FAST_MATH = YES;
				SDKROOT = iphoneos;
				SWIFT_COMPILATION_MODE = wholemodule;
				SWIFT_OPTIMIZATION_LEVEL = "-O";
				VALIDATE_PRODUCT = YES;
			};
			name = Release;
		};
		060782C3250CE27A00A87020 /* Debug */ = {
			isa = XCBuildConfiguration;
			baseConfigurationReference = 29936D05CFA8E79BBBEBA7AF /* Pods-Navigation.debug.xcconfig */;
			buildSettings = {
				ASSETCATALOG_COMPILER_APPICON_NAME = AppIcon;
				CODE_SIGN_STYLE = Automatic;
				DEVELOPMENT_TEAM = 79RZ866842;
				INFOPLIST_FILE = Navigation/Info.plist;
				LD_RUNPATH_SEARCH_PATHS = (
					"$(inherited)",
					"@executable_path/Frameworks",
				);
				PRODUCT_BUNDLE_IDENTIFIER = com.NavigationPassLogin;
				PRODUCT_NAME = "$(TARGET_NAME)";
				SWIFT_VERSION = 5.0;
				TARGETED_DEVICE_FAMILY = "1,2";
			};
			name = Debug;
		};
		060782C4250CE27A00A87020 /* Release */ = {
			isa = XCBuildConfiguration;
			baseConfigurationReference = 14E02749ED4693F9054EA597 /* Pods-Navigation.release.xcconfig */;
			buildSettings = {
				ASSETCATALOG_COMPILER_APPICON_NAME = AppIcon;
				CODE_SIGN_STYLE = Automatic;
				DEVELOPMENT_TEAM = 79RZ866842;
				INFOPLIST_FILE = Navigation/Info.plist;
				LD_RUNPATH_SEARCH_PATHS = (
					"$(inherited)",
					"@executable_path/Frameworks",
				);
				PRODUCT_BUNDLE_IDENTIFIER = com.NavigationPassLogin;
				PRODUCT_NAME = "$(TARGET_NAME)";
				SWIFT_VERSION = 5.0;
				TARGETED_DEVICE_FAMILY = "1,2";
			};
			name = Release;
		};
/* End XCBuildConfiguration section */

/* Begin XCConfigurationList section */
		060782A9250CE27700A87020 /* Build configuration list for PBXProject "Navigation" */ = {
			isa = XCConfigurationList;
			buildConfigurations = (
				060782C0250CE27A00A87020 /* Debug */,
				060782C1250CE27A00A87020 /* Release */,
			);
			defaultConfigurationIsVisible = 0;
			defaultConfigurationName = Release;
		};
		060782C2250CE27A00A87020 /* Build configuration list for PBXNativeTarget "Navigation" */ = {
			isa = XCConfigurationList;
			buildConfigurations = (
				060782C3250CE27A00A87020 /* Debug */,
				060782C4250CE27A00A87020 /* Release */,
			);
			defaultConfigurationIsVisible = 0;
			defaultConfigurationName = Release;
		};
/* End XCConfigurationList section */

/* Begin XCVersionGroup section */
		B44C19CB26A4ADB600EED502 /* LikedPostsModel.xcdatamodeld */ = {
			isa = XCVersionGroup;
			children = (
				B44C19CC26A4ADB600EED502 /* LikedPostsModel.xcdatamodel */,
			);
			currentVersion = B44C19CC26A4ADB600EED502 /* LikedPostsModel.xcdatamodel */;
			path = LikedPostsModel.xcdatamodeld;
			sourceTree = "<group>";
			versionGroupType = wrapper.xcdatamodel;
		};
/* End XCVersionGroup section */
	};
	rootObject = 060782A6250CE27700A87020 /* Project object */;
}
